{
  "requires": true,
  "lockfileVersion": 1,
  "dependencies": {
    "echarts": {
      "version": "4.6.0",
      "resolved": "https://registry.npmjs.org/echarts/-/echarts-4.6.0.tgz",
      "integrity": "sha512-xKkcr6v9UVOSF+PMuj7Ngt3bnzLwN1sSXWCvpvX+jYb3mePYsZnABq7wGkPac/m0nV653uGHXoHK8DCKCprdNg==",
      "requires": {
        "zrender": "4.2.0"
      }
    },
    "echarts-amap": {
      "version": "1.0.0-rc.6",
      "resolved": "https://registry.npmjs.org/echarts-amap/-/echarts-amap-1.0.0-rc.6.tgz",
      "integrity": "sha1-V4KnTa7lLtRM4/j2JXdWF4PwnhY="
    },
    "echarts-liquidfill": {
      "version": "2.0.5",
      "resolved": "https://registry.npmjs.org/echarts-liquidfill/-/echarts-liquidfill-2.0.5.tgz",
      "integrity": "sha512-3G19W5ngoh1L3BXYuD34g0Vd30ORWvQtyxRuL+7vmOZ3FkF6xkgD4pfcCL7QVAQOr+XZ4OiD2ot6dNGsRhflcg=="
    },
    "echarts-wordcloud": {
      "version": "1.1.3",
      "resolved": "https://registry.npmjs.org/echarts-wordcloud/-/echarts-wordcloud-1.1.3.tgz",
      "integrity": "sha512-Et8D5xEAoYkidmHun+hEH+2lF9dhCt6D0JJ390vlr2r/1zwhhZAbcL01CEvG93QcMcJpSvSPK8vRiGkTbMHRxg=="
    },
    "numerify": {
      "version": "1.2.9",
      "resolved": "https://registry.npmjs.org/numerify/-/numerify-1.2.9.tgz",
      "integrity": "sha512-X4QzQiytV5ZN3TVLhzbtFzjTarUNnaa1pgNDFqt7u7Nqhxe7FvY2eYrGt4WYHlYXDqgtfC/n/a5nJ2y0LijV8w=="
    },
    "utils-lite": {
      "version": "0.1.10",
      "resolved": "https://registry.npmjs.org/utils-lite/-/utils-lite-0.1.10.tgz",
      "integrity": "sha512-jlHvdtI8MyWURF/3u+ufIjf1Cs5WjN6WZl9qO8dEkZsVjaI7X5YMUhaCFzkvB69ljt6fo4Dd7V/Oj2NJOFDFOQ=="
    },
    "v-charts": {
      "version": "1.19.0",
      "resolved": "https://registry.npmjs.org/v-charts/-/v-charts-1.19.0.tgz",
      "integrity": "sha512-vm2HBUmxAsXK0ivwce9LytcpqrItDA5JSPLYVxZXtiuoyhcn80XX1/3dPJd/1GqG1OYv3jfBo1s9ra4q8GowqA==",
      "requires": {
        "echarts-amap": "1.0.0-rc.6",
        "echarts-liquidfill": "^2.0.2",
        "echarts-wordcloud": "^1.1.3",
        "numerify": "1.2.9",
        "utils-lite": "0.1.10"
      }
    },
    "zrender": {
      "version": "4.2.0",
      "resolved": "https://registry.npmjs.org/zrender/-/zrender-4.2.0.tgz",
      "integrity": "sha512-YJ9hxt5uFincYYU3KK31+Ce+B6PJmYYK0Q9fQ6jOUAoC/VHbe4kCKAPkxKeT7jGTxrK5wYu18R0TLGqj2zbEOA=="
    }
  }
}
